// !$*UTF8*$!
{
	archiveVersion = 1;
	classes = {
	};
	objectVersion = 55;
	objects = {

/* Begin PBXBuildFile section */
		D89467E928C2328700EDFAF9 /* HW17App.swift in Sources */ = {isa = PBXBuildFile; fileRef = D89467E828C2328700EDFAF9 /* HW17App.swift */; };
		D89467EB28C2328700EDFAF9 /* ContentView.swift in Sources */ = {isa = PBXBuildFile; fileRef = D89467EA28C2328700EDFAF9 /* ContentView.swift */; };
		D89467ED28C2328800EDFAF9 /* Assets.xcassets in Resources */ = {isa = PBXBuildFile; fileRef = D89467EC28C2328800EDFAF9 /* Assets.xcassets */; };
		D89467F028C2328800EDFAF9 /* Preview Assets.xcassets in Resources */ = {isa = PBXBuildFile; fileRef = D89467EF28C2328800EDFAF9 /* Preview Assets.xcassets */; };
		D89467FB28C2364000EDFAF9 /* AlbumsImages.swift in Sources */ = {isa = PBXBuildFile; fileRef = D89467FA28C2364000EDFAF9 /* AlbumsImages.swift */; };
		D894680228C236AB00EDFAF9 /* LibraryView.swift in Sources */ = {isa = PBXBuildFile; fileRef = D894680128C236AB00EDFAF9 /* LibraryView.swift */; };
		D894680428C236D000EDFAF9 /* ListView.swift in Sources */ = {isa = PBXBuildFile; fileRef = D894680328C236D000EDFAF9 /* ListView.swift */; };
		D894680628C2377400EDFAF9 /* Search.swift in Sources */ = {isa = PBXBuildFile; fileRef = D894680528C2377400EDFAF9 /* Search.swift */; };
		D894680828C237B500EDFAF9 /* BlurView.swift in Sources */ = {isa = PBXBuildFile; fileRef = D894680728C237B500EDFAF9 /* BlurView.swift */; };
		D894680A28C237CB00EDFAF9 /* MiniPlayer.swift in Sources */ = {isa = PBXBuildFile; fileRef = D894680928C237CB00EDFAF9 /* MiniPlayer.swift */; };
		D894680C28C2380600EDFAF9 /* HomeTab.swift in Sources */ = {isa = PBXBuildFile; fileRef = D894680B28C2380600EDFAF9 /* HomeTab.swift */; };
		D894681128C239EA00EDFAF9 /* HRow.swift in Sources */ = {isa = PBXBuildFile; fileRef = D894681028C239EA00EDFAF9 /* HRow.swift */; };
		D894681328C239F500EDFAF9 /* VRow.swift in Sources */ = {isa = PBXBuildFile; fileRef = D894681228C239F500EDFAF9 /* VRow.swift */; };
		D894681528C23A4700EDFAF9 /* RadioH.swift in Sources */ = {isa = PBXBuildFile; fileRef = D894681428C23A4700EDFAF9 /* RadioH.swift */; };
		D894681728C23A6700EDFAF9 /* RadioData.swift in Sources */ = {isa = PBXBuildFile; fileRef = D894681628C23A6700EDFAF9 /* RadioData.swift */; };
/* End PBXBuildFile section */

/* Begin PBXFileReference section */
		D89467E528C2328700EDFAF9 /* HW17.app */ = {isa = PBXFileReference; explicitFileType = wrapper.application; includeInIndex = 0; path = HW17.app; sourceTree = BUILT_PRODUCTS_DIR; };
		D89467E828C2328700EDFAF9 /* HW17App.swift */ = {isa = PBXFileReference; lastKnownFileType = sourcecode.swift; path = HW17App.swift; sourceTree = "<group>"; };
		D89467EA28C2328700EDFAF9 /* ContentView.swift */ = {isa = PBXFileReference; lastKnownFileType = sourcecode.swift; path = ContentView.swift; sourceTree = "<group>"; };
		D89467EC28C2328800EDFAF9 /* Assets.xcassets */ = {isa = PBXFileReference; lastKnownFileType = folder.assetcatalog; path = Assets.xcassets; sourceTree = "<group>"; };
		D89467EF28C2328800EDFAF9 /* Preview Assets.xcassets */ = {isa = PBXFileReference; lastKnownFileType = folder.assetcatalog; path = "Preview Assets.xcassets"; sourceTree = "<group>"; };
		D89467FA28C2364000EDFAF9 /* AlbumsImages.swift */ = {isa = PBXFileReference; lastKnownFileType = sourcecode.swift; path = AlbumsImages.swift; sourceTree = "<group>"; };
		D894680128C236AB00EDFAF9 /* LibraryView.swift */ = {isa = PBXFileReference; lastKnownFileType = sourcecode.swift; path = LibraryView.swift; sourceTree = "<group>"; };
		D894680328C236D000EDFAF9 /* ListView.swift */ = {isa = PBXFileReference; lastKnownFileType = sourcecode.swift; path = ListView.swift; sourceTree = "<group>"; };
		D894680528C2377400EDFAF9 /* Search.swift */ = {isa = PBXFileReference; lastKnownFileType = sourcecode.swift; path = Search.swift; sourceTree = "<group>"; };
		D894680728C237B500EDFAF9 /* BlurView.swift */ = {isa = PBXFileReference; lastKnownFileType = sourcecode.swift; path = BlurView.swift; sourceTree = "<group>"; };
		D894680928C237CB00EDFAF9 /* MiniPlayer.swift */ = {isa = PBXFileReference; lastKnownFileType = sourcecode.swift; path = MiniPlayer.swift; sourceTree = "<group>"; };
		D894680B28C2380600EDFAF9 /* HomeTab.swift */ = {isa = PBXFileReference; lastKnownFileType = sourcecode.swift; path = HomeTab.swift; sourceTree = "<group>"; };
		D894681028C239EA00EDFAF9 /* HRow.swift */ = {isa = PBXFileReference; lastKnownFileType = sourcecode.swift; path = HRow.swift; sourceTree = "<group>"; };
		D894681228C239F500EDFAF9 /* VRow.swift */ = {isa = PBXFileReference; lastKnownFileType = sourcecode.swift; path = VRow.swift; sourceTree = "<group>"; };
		D894681428C23A4700EDFAF9 /* RadioH.swift */ = {isa = PBXFileReference; lastKnownFileType = sourcecode.swift; path = RadioH.swift; sourceTree = "<group>"; };
		D894681628C23A6700EDFAF9 /* RadioData.swift */ = {isa = PBXFileReference; lastKnownFileType = sourcecode.swift; path = RadioData.swift; sourceTree = "<group>"; };
/* End PBXFileReference section */

/* Begin PBXFrameworksBuildPhase section */
		D89467E228C2328700EDFAF9 /* Frameworks */ = {
			isa = PBXFrameworksBuildPhase;
			buildActionMask = 2147483647;
			files = (
			);
			runOnlyForDeploymentPostprocessing = 0;
		};
/* End PBXFrameworksBuildPhase section */

/* Begin PBXGroup section */
		D89467DC28C2328700EDFAF9 = {
			isa = PBXGroup;
			children = (
				D89467E728C2328700EDFAF9 /* HW17 */,
				D89467E628C2328700EDFAF9 /* Products */,
			);
			sourceTree = "<group>";
		};
		D89467E628C2328700EDFAF9 /* Products */ = {
			isa = PBXGroup;
			children = (
				D89467E528C2328700EDFAF9 /* HW17.app */,
			);
			name = Products;
			sourceTree = "<group>";
		};
		D89467E728C2328700EDFAF9 /* HW17 */ = {
			isa = PBXGroup;
			children = (
				D89467F728C2360100EDFAF9 /* App */,
				D89467F828C2361400EDFAF9 /* View */,
				D89467EC28C2328800EDFAF9 /* Assets.xcassets */,
				D89467EE28C2328800EDFAF9 /* Preview Content */,
			);
			path = HW17;
			sourceTree = "<group>";
		};
		D89467EE28C2328800EDFAF9 /* Preview Content */ = {
			isa = PBXGroup;
			children = (
				D89467EF28C2328800EDFAF9 /* Preview Assets.xcassets */,
			);
			path = "Preview Content";
			sourceTree = "<group>";
		};
		D89467F728C2360100EDFAF9 /* App */ = {
			isa = PBXGroup;
			children = (
				D89467E828C2328700EDFAF9 /* HW17App.swift */,
			);
			path = App;
			sourceTree = "<group>";
		};
		D89467F828C2361400EDFAF9 /* View */ = {
			isa = PBXGroup;
			children = (
				D89467F928C2362F00EDFAF9 /* Model */,
				D89467FC28C2365700EDFAF9 /* Models */,
				D89467FD28C2366500EDFAF9 /* Modules */,
			);
			path = View;
			sourceTree = "<group>";
		};
		D89467F928C2362F00EDFAF9 /* Model */ = {
			isa = PBXGroup;
			children = (
				D89467FA28C2364000EDFAF9 /* AlbumsImages.swift */,
				D894681628C23A6700EDFAF9 /* RadioData.swift */,
			);
			path = Model;
			sourceTree = "<group>";
		};
		D89467FC28C2365700EDFAF9 /* Models */ = {
			isa = PBXGroup;
			children = (
				D89467EA28C2328700EDFAF9 /* ContentView.swift */,
			);
			path = Models;
			sourceTree = "<group>";
		};
		D89467FD28C2366500EDFAF9 /* Modules */ = {
			isa = PBXGroup;
			children = (
				D894680D28C239C000EDFAF9 /* Radio */,
				D894680028C2369700EDFAF9 /* MiniPlayer */,
				D89467FF28C2368E00EDFAF9 /* Search */,
				D89467FE28C2367E00EDFAF9 /* Library and List */,
				D894680B28C2380600EDFAF9 /* HomeTab.swift */,
			);
			path = Modules;
			sourceTree = "<group>";
		};
		D89467FE28C2367E00EDFAF9 /* Library and List */ = {
			isa = PBXGroup;
			children = (
				D894680128C236AB00EDFAF9 /* LibraryView.swift */,
				D894680328C236D000EDFAF9 /* ListView.swift */,
			);
			path = "Library and List";
			sourceTree = "<group>";
		};
		D89467FF28C2368E00EDFAF9 /* Search */ = {
			isa = PBXGroup;
			children = (
				D894680528C2377400EDFAF9 /* Search.swift */,
			);
			path = Search;
			sourceTree = "<group>";
		};
		D894680028C2369700EDFAF9 /* MiniPlayer */ = {
			isa = PBXGroup;
			children = (
				D894680728C237B500EDFAF9 /* BlurView.swift */,
				D894680928C237CB00EDFAF9 /* MiniPlayer.swift */,
			);
			path = MiniPlayer;
			sourceTree = "<group>";
		};
		D894680D28C239C000EDFAF9 /* Radio */ = {
			isa = PBXGroup;
			children = (
				D894680E28C239CE00EDFAF9 /* Rows */,
				D894681428C23A4700EDFAF9 /* RadioH.swift */,
			);
			path = Radio;
			sourceTree = "<group>";
		};
		D894680E28C239CE00EDFAF9 /* Rows */ = {
			isa = PBXGroup;
			children = (
				D894681028C239EA00EDFAF9 /* HRow.swift */,
				D894681228C239F500EDFAF9 /* VRow.swift */,
			);
			path = Rows;
			sourceTree = "<group>";
		};
/* End PBXGroup section */

/* Begin PBXNativeTarget section */
		D89467E428C2328700EDFAF9 /* HW17 */ = {
			isa = PBXNativeTarget;
			buildConfigurationList = D89467F328C2328800EDFAF9 /* Build configuration list for PBXNativeTarget "HW17" */;
			buildPhases = (
				D89467E128C2328700EDFAF9 /* Sources */,
				D89467E228C2328700EDFAF9 /* Frameworks */,
				D89467E328C2328700EDFAF9 /* Resources */,
			);
			buildRules = (
			);
			dependencies = (
			);
			name = HW17;
			productName = HW17;
			productReference = D89467E528C2328700EDFAF9 /* HW17.app */;
			productType = "com.apple.product-type.application";
		};
/* End PBXNativeTarget section */

/* Begin PBXProject section */
		D89467DD28C2328700EDFAF9 /* Project object */ = {
			isa = PBXProject;
			attributes = {
				BuildIndependentTargetsInParallel = 1;
				LastSwiftUpdateCheck = 1340;
				LastUpgradeCheck = 1340;
				TargetAttributes = {
					D89467E428C2328700EDFAF9 = {
						CreatedOnToolsVersion = 13.4.1;
					};
				};
			};
			buildConfigurationList = D89467E028C2328700EDFAF9 /* Build configuration list for PBXProject "HW17" */;
			compatibilityVersion = "Xcode 13.0";
			developmentRegion = en;
			hasScannedForEncodings = 0;
			knownRegions = (
				en,
				Base,
			);
			mainGroup = D89467DC28C2328700EDFAF9;
			productRefGroup = D89467E628C2328700EDFAF9 /* Products */;
			projectDirPath = "";
			projectRoot = "";
			targets = (
				D89467E428C2328700EDFAF9 /* HW17 */,
			);
		};
/* End PBXProject section */

/* Begin PBXResourcesBuildPhase section */
		D89467E328C2328700EDFAF9 /* Resources */ = {
			isa = PBXResourcesBuildPhase;
			buildActionMask = 2147483647;
			files = (
				D89467F028C2328800EDFAF9 /* Preview Assets.xcassets in Resources */,
				D89467ED28C2328800EDFAF9 /* Assets.xcassets in Resources */,
			);
			runOnlyForDeploymentPostprocessing = 0;
		};
/* End PBXResourcesBuildPhase section */

/* Begin PBXSourcesBuildPhase section */
		D89467E128C2328700EDFAF9 /* Sources */ = {
			isa = PBXSourcesBuildPhase;
			buildActionMask = 2147483647;
			files = (
				D894680228C236AB00EDFAF9 /* LibraryView.swift in Sources */,
				D894681128C239EA00EDFAF9 /* HRow.swift in Sources */,
				D894680828C237B500EDFAF9 /* BlurView.swift in Sources */,
				D89467EB28C2328700EDFAF9 /* ContentView.swift in Sources */,
				D894681728C23A6700EDFAF9 /* RadioData.swift in Sources */,
				D894680428C236D000EDFAF9 /* ListView.swift in Sources */,
				D894681328C239F500EDFAF9 /* VRow.swift in Sources */,
				D894681528C23A4700EDFAF9 /* RadioH.swift in Sources */,
				D894680628C2377400EDFAF9 /* Search.swift in Sources */,
				D894680A28C237CB00EDFAF9 /* MiniPlayer.swift in Sources */,
				D894680C28C2380600EDFAF9 /* HomeTab.swift in Sources */,
				D89467E928C2328700EDFAF9 /* HW17App.swift in Sources */,
				D89467FB28C2364000EDFAF9 /* AlbumsImages.swift in Sources */,
			);
			runOnlyForDeploymentPostprocessing = 0;
		};
/* End PBXSourcesBuildPhase section */

/* Begin XCBuildConfiguration section */
		D89467F128C2328800EDFAF9 /* Debug */ = {
			isa = XCBuildConfiguration;
			buildSettings = {
				ALWAYS_SEARCH_USER_PATHS = NO;
				CLANG_ANALYZER_NONNULL = YES;
				CLANG_ANALYZER_NUMBER_OBJECT_CONVERSION = YES_AGGRESSIVE;
				CLANG_CXX_LANGUAGE_STANDARD = "gnu++17";
				CLANG_ENABLE_MODULES = YES;
				CLANG_ENABLE_OBJC_ARC = YES;
				CLANG_ENABLE_OBJC_WEAK = YES;
				CLANG_WARN_BLOCK_CAPTURE_AUTORELEASING = YES;
				CLANG_WARN_BOOL_CONVERSION = YES;
				CLANG_WARN_COMMA = YES;
				CLANG_WARN_CONSTANT_CONVERSION = YES;
				CLANG_WARN_DEPRECATED_OBJC_IMPLEMENTATIONS = YES;
				CLANG_WARN_DIRECT_OBJC_ISA_USAGE = YES_ERROR;
				CLANG_WARN_DOCUMENTATION_COMMENTS = YES;
				CLANG_WARN_EMPTY_BODY = YES;
				CLANG_WARN_ENUM_CONVERSION = YES;
				CLANG_WARN_INFINITE_RECURSION = YES;
				CLANG_WARN_INT_CONVERSION = YES;
				CLANG_WARN_NON_LITERAL_NULL_CONVERSION = YES;
				CLANG_WARN_OBJC_IMPLICIT_RETAIN_SELF = YES;
				CLANG_WARN_OBJC_LITERAL_CONVERSION = YES;
				CLANG_WARN_OBJC_ROOT_CLASS = YES_ERROR;
				CLANG_WARN_QUOTED_INCLUDE_IN_FRAMEWORK_HEADER = YES;
				CLANG_WARN_RANGE_LOOP_ANALYSIS = YES;
				CLANG_WARN_STRICT_PROTOTYPES = YES;
				CLANG_WARN_SUSPICIOUS_MOVE = YES;
				CLANG_WARN_UNGUARDED_AVAILABILITY = YES_AGGRESSIVE;
				CLANG_WARN_UNREACHABLE_CODE = YES;
				CLANG_WARN__DUPLICATE_METHOD_MATCH = YES;
				COPY_PHASE_STRIP = NO;
				DEBUG_INFORMATION_FORMAT = dwarf;
				ENABLE_STRICT_OBJC_MSGSEND = YES;
				ENABLE_TESTABILITY = YES;
				GCC_C_LANGUAGE_STANDARD = gnu11;
				GCC_DYNAMIC_NO_PIC = NO;
				GCC_NO_COMMON_BLOCKS = YES;
				GCC_OPTIMIZATION_LEVEL = 0;
				GCC_PREPROCESSOR_DEFINITIONS = (
					"DEBUG=1",
					"$(inherited)",
				);
				GCC_WARN_64_TO_32_BIT_CONVERSION = YES;
				GCC_WARN_ABOUT_RETURN_TYPE = YES_ERROR;
				GCC_WARN_UNDECLARED_SELECTOR = YES;
				GCC_WARN_UNINITIALIZED_AUTOS = YES_AGGRESSIVE;
				GCC_WARN_UNUSED_FUNCTION = YES;
				GCC_WARN_UNUSED_VARIABLE = YES;
				IPHONEOS_DEPLOYMENT_TARGET = 15.5;
				MTL_ENABLE_DEBUG_INFO = INCLUDE_SOURCE;
				MTL_FAST_MATH = YES;
				ONLY_ACTIVE_ARCH = YES;
				SDKROOT = iphoneos;
				SWIFT_ACTIVE_COMPILATION_CONDITIONS = DEBUG;
				SWIFT_OPTIMIZATION_LEVEL = "-Onone";
			};
			name = Debug;
		};
		D89467F228C2328800EDFAF9 /* Release */ = {
			isa = XCBuildConfiguration;
			buildSettings = {
				ALWAYS_SEARCH_USER_PATHS = NO;
				CLANG_ANALYZER_NONNULL = YES;
				CLANG_ANALYZER_NUMBER_OBJECT_CONVERSION = YES_AGGRESSIVE;
				CLANG_CXX_LANGUAGE_STANDARD = "gnu++17";
				CLANG_ENABLE_MODULES = YES;
				CLANG_ENABLE_OBJC_ARC = YES;
				CLANG_ENABLE_OBJC_WEAK = YES;
				CLANG_WARN_BLOCK_CAPTURE_AUTORELEASING = YES;
				CLANG_WARN_BOOL_CONVERSION = YES;
				CLANG_WARN_COMMA = YES;
				CLANG_WARN_CONSTANT_CONVERSION = YES;
				CLANG_WARN_DEPRECATED_OBJC_IMPLEMENTATIONS = YES;
				CLANG_WARN_DIRECT_OBJC_ISA_USAGE = YES_ERROR;
				CLANG_WARN_DOCUMENTATION_COMMENTS = YES;
				CLANG_WARN_EMPTY_BODY = YES;
				CLANG_WARN_ENUM_CONVERSION = YES;
				CLANG_WARN_INFINITE_RECURSION = YES;
				CLANG_WARN_INT_CONVERSION = YES;
				CLANG_WARN_NON_LITERAL_NULL_CONVERSION = YES;
				CLANG_WARN_OBJC_IMPLICIT_RETAIN_SELF = YES;
				CLANG_WARN_OBJC_LITERAL_CONVERSION = YES;
				CLANG_WARN_OBJC_ROOT_CLASS = YES_ERROR;
				CLANG_WARN_QUOTED_INCLUDE_IN_FRAMEWORK_HEADER = YES;
				CLANG_WARN_RANGE_LOOP_ANALYSIS = YES;
				CLANG_WARN_STRICT_PROTOTYPES = YES;
				CLANG_WARN_SUSPICIOUS_MOVE = YES;
				CLANG_WARN_UNGUARDED_AVAILABILITY = YES_AGGRESSIVE;
				CLANG_WARN_UNREACHABLE_CODE = YES;
				CLANG_WARN__DUPLICATE_METHOD_MATCH = YES;
				COPY_PHASE_STRIP = NO;
				DEBUG_INFORMATION_FORMAT = "dwarf-with-dsym";
				ENABLE_NS_ASSERTIONS = NO;
				ENABLE_STRICT_OBJC_MSGSEND = YES;
				GCC_C_LANGUAGE_STANDARD = gnu11;
				GCC_NO_COMMON_BLOCKS = YES;
				GCC_WARN_64_TO_32_BIT_CONVERSION = YES;
				GCC_WARN_ABOUT_RETURN_TYPE = YES_ERROR;
				GCC_WARN_UNDECLARED_SELECTOR = YES;
				GCC_WARN_UNINITIALIZED_AUTOS = YES_AGGRESSIVE;
				GCC_WARN_UNUSED_FUNCTION = YES;
				GCC_WARN_UNUSED_VARIABLE = YES;
				IPHONEOS_DEPLOYMENT_TARGET = 15.5;
				MTL_ENABLE_DEBUG_INFO = NO;
				MTL_FAST_MATH = YES;
				SDKROOT = iphoneos;
				SWIFT_COMPILATION_MODE = wholemodule;
				SWIFT_OPTIMIZATION_LEVEL = "-O";
				VALIDATE_PRODUCT = YES;
			};
			name = Release;
		};
		D89467F428C2328800EDFAF9 /* Debug */ = {
			isa = XCBuildConfiguration;
			buildSettings = {
				ASSETCATALOG_COMPILER_APPICON_NAME = AppIcon;
				ASSETCATALOG_COMPILER_GLOBAL_ACCENT_COLOR_NAME = AccentColor;
				CODE_SIGN_STYLE = Automatic;
				CURRENT_PROJECT_VERSION = 1;
				DEVELOPMENT_ASSET_PATHS = "\"HW17/Preview Content\"";
				DEVELOPMENT_TEAM = 9KN879RV4D;
				ENABLE_PREVIEWS = YES;
				GENERATE_INFOPLIST_FILE = YES;
				INFOPLIST_KEY_UIApplicationSceneManifest_Generation = YES;
				INFOPLIST_KEY_UIApplicationSupportsIndirectInputEvents = YES;
				INFOPLIST_KEY_UILaunchScreen_Generation = YES;
				INFOPLIST_KEY_UISupportedInterfaceOrientations_iPad = "UIInterfaceOrientationPortrait UIInterfaceOrientationPortraitUpsideDown UIInterfaceOrientationLandscapeLeft UIInterfaceOrientationLandscapeRight";
				INFOPLIST_KEY_UISupportedInterfaceOrientations_iPhone = "UIInterfaceOrientationPortrait UIInterfaceOrientationLandscapeLeft UIInterfaceOrientationLandscapeRight";
				LD_RUNPATH_SEARCH_PATHS = (
					"$(inherited)",
					"@executable_path/Frameworks",
				);
				MARKETING_VERSION = 1.0;
				PRODUCT_BUNDLE_IDENTIFIER = "-.HW17";
				PRODUCT_NAME = "$(TARGET_NAME)";
				SWIFT_EMIT_LOC_STRINGS = YES;
				SWIFT_VERSION = 5.0;
				TARGETED_DEVICE_FAMILY = "1,2";
			};
			name = Debug;
		};
		D89467F528C2328800EDFAF9 /* Release */ = {
			isa = XCBuildConfiguration;
			buildSettings = {
				ASSETCATALOG_COMPILER_APPICON_NAME = AppIcon;
				ASSETCATALOG_COMPILER_GLOBAL_ACCENT_COLOR_NAME = AccentColor;
				CODE_SIGN_STYLE = Automatic;
				CURRENT_PROJECT_VERSION = 1;
				DEVELOPMENT_ASSET_PATHS = "\"HW17/Preview Content\"";
				DEVELOPMENT_TEAM = 9KN879RV4D;
				ENABLE_PREVIEWS = YES;
				GENERATE_INFOPLIST_FILE = YES;
				INFOPLIST_KEY_UIApplicationSceneManifest_Generation = YES;
				INFOPLIST_KEY_UIApplicationSupportsIndirectInputEvents = YES;
				INFOPLIST_KEY_UILaunchScreen_Generation = YES;
				INFOPLIST_KEY_UISupportedInterfaceOrientations_iPad = "UIInterfaceOrientationPortrait UIInterfaceOrientationPortraitUpsideDown UIInterfaceOrientationLandscapeLeft UIInterfaceOrientationLandscapeRight";
				INFOPLIST_KEY_UISupportedInterfaceOrientations_iPhone = "UIInterfaceOrientationPortrait UIInterfaceOrientationLandscapeLeft UIInterfaceOrientationLandscapeRight";
				LD_RUNPATH_SEARCH_PATHS = (
					"$(inherited)",
					"@executable_path/Frameworks",
				);
				MARKETING_VERSION = 1.0;
				PRODUCT_BUNDLE_IDENTIFIER = "-.HW17";
				PRODUCT_NAME = "$(TARGET_NAME)";
				SWIFT_EMIT_LOC_STRINGS = YES;
				SWIFT_VERSION = 5.0;
				TARGETED_DEVICE_FAMILY = "1,2";
			};
			name = Release;
		};
/* End XCBuildConfiguration section */

/* Begin XCConfigurationList section */
		D89467E028C2328700EDFAF9 /* Build configuration list for PBXProject "HW17" */ = {
			isa = XCConfigurationList;
			buildConfigurations = (
				D89467F128C2328800EDFAF9 /* Debug */,
				D89467F228C2328800EDFAF9 /* Release */,
			);
			defaultConfigurationIsVisible = 0;
			defaultConfigurationName = Release;
		};
		D89467F328C2328800EDFAF9 /* Build configuration list for PBXNativeTarget "HW17" */ = {
			isa = XCConfigurationList;
			buildConfigurations = (
				D89467F428C2328800EDFAF9 /* Debug */,
				D89467F528C2328800EDFAF9 /* Release */,
			);
			defaultConfigurationIsVisible = 0;
			defaultConfigurationName = Release;
		};
/* End XCConfigurationList section */
	};
	rootObject = D89467DD28C2328700EDFAF9 /* Project object */;
}
